// !$*UTF8*$!
{
	archiveVersion = 1;
	classes = {
	};
	objectVersion = 50;
	objects = {

/* Begin PBXBuildFile section */
		AB0EE2512281772F000B1A26 /* vr_video.mp4 in Resources */ = {isa = PBXBuildFile; fileRef = AB0EE24F2281772F000B1A26 /* vr_video.mp4 */; };
		AB0EE2522281772F000B1A26 /* vr_image.jpg in Resources */ = {isa = PBXBuildFile; fileRef = AB0EE2502281772F000B1A26 /* vr_image.jpg */; };
		AB9F578522816A2B00ABDCC4 /* SCN3DPlayerView.m in Sources */ = {isa = PBXBuildFile; fileRef = AB9F578322816A2B00ABDCC4 /* SCN3DPlayerView.m */; };
		AB9F578622816A2B00ABDCC4 /* SCN3DVideoAdatper.m in Sources */ = {isa = PBXBuildFile; fileRef = AB9F578422816A2B00ABDCC4 /* SCN3DVideoAdatper.m */; };
		ABAF2C13228167C3009E1A10 /* AppDelegate.m in Sources */ = {isa = PBXBuildFile; fileRef = ABAF2C12228167C3009E1A10 /* AppDelegate.m */; };
		ABAF2C16228167C3009E1A10 /* ViewController.m in Sources */ = {isa = PBXBuildFile; fileRef = ABAF2C15228167C3009E1A10 /* ViewController.m */; };
		ABAF2C19228167C3009E1A10 /* Main.storyboard in Resources */ = {isa = PBXBuildFile; fileRef = ABAF2C17228167C3009E1A10 /* Main.storyboard */; };
		ABAF2C1B228167C3009E1A10 /* Assets.xcassets in Resources */ = {isa = PBXBuildFile; fileRef = ABAF2C1A228167C3009E1A10 /* Assets.xcassets */; };
		ABAF2C1E228167C3009E1A10 /* LaunchScreen.storyboard in Resources */ = {isa = PBXBuildFile; fileRef = ABAF2C1C228167C3009E1A10 /* LaunchScreen.storyboard */; };
		ABAF2C21228167C3009E1A10 /* main.m in Sources */ = {isa = PBXBuildFile; fileRef = ABAF2C20228167C3009E1A10 /* main.m */; };
/* End PBXBuildFile section */

/* Begin PBXFileReference section */
		AB0EE24F2281772F000B1A26 /* vr_video.mp4 */ = {isa = PBXFileReference; lastKnownFileType = file; path = vr_video.mp4; sourceTree = "<group>"; };
		AB0EE2502281772F000B1A26 /* vr_image.jpg */ = {isa = PBXFileReference; lastKnownFileType = image.jpeg; path = vr_image.jpg; sourceTree = "<group>"; };
		AB9F578122816A2B00ABDCC4 /* SCN3DPlayerView.h */ = {isa = PBXFileReference; fileEncoding = 4; lastKnownFileType = sourcecode.c.h; path = SCN3DPlayerView.h; sourceTree = "<group>"; };
		AB9F578222816A2B00ABDCC4 /* SCN3DVideoAdatper.h */ = {isa = PBXFileReference; fileEncoding = 4; lastKnownFileType = sourcecode.c.h; path = SCN3DVideoAdatper.h; sourceTree = "<group>"; };
		AB9F578322816A2B00ABDCC4 /* SCN3DPlayerView.m */ = {isa = PBXFileReference; fileEncoding = 4; lastKnownFileType = sourcecode.c.objc; path = SCN3DPlayerView.m; sourceTree = "<group>"; };
		AB9F578422816A2B00ABDCC4 /* SCN3DVideoAdatper.m */ = {isa = PBXFileReference; fileEncoding = 4; lastKnownFileType = sourcecode.c.objc; path = SCN3DVideoAdatper.m; sourceTree = "<group>"; };
		ABAF2C0E228167C3009E1A10 /* VRPlayer.app */ = {isa = PBXFileReference; explicitFileType = wrapper.application; includeInIndex = 0; path = VRPlayer.app; sourceTree = BUILT_PRODUCTS_DIR; };
		ABAF2C11228167C3009E1A10 /* AppDelegate.h */ = {isa = PBXFileReference; lastKnownFileType = sourcecode.c.h; path = AppDelegate.h; sourceTree = "<group>"; };
		ABAF2C12228167C3009E1A10 /* AppDelegate.m */ = {isa = PBXFileReference; lastKnownFileType = sourcecode.c.objc; path = AppDelegate.m; sourceTree = "<group>"; };
		ABAF2C14228167C3009E1A10 /* ViewController.h */ = {isa = PBXFileReference; lastKnownFileType = sourcecode.c.h; path = ViewController.h; sourceTree = "<group>"; };
		ABAF2C15228167C3009E1A10 /* ViewController.m */ = {isa = PBXFileReference; lastKnownFileType = sourcecode.c.objc; path = ViewController.m; sourceTree = "<group>"; };
		ABAF2C18228167C3009E1A10 /* Base */ = {isa = PBXFileReference; lastKnownFileType = file.storyboard; name = Base; path = Base.lproj/Main.storyboard; sourceTree = "<group>"; };
		ABAF2C1A228167C3009E1A10 /* Assets.xcassets */ = {isa = PBXFileReference; lastKnownFileType = folder.assetcatalog; path = Assets.xcassets; sourceTree = "<group>"; };
		ABAF2C1D228167C3009E1A10 /* Base */ = {isa = PBXFileReference; lastKnownFileType = file.storyboard; name = Base; path = Base.lproj/LaunchScreen.storyboard; sourceTree = "<group>"; };
		ABAF2C1F228167C3009E1A10 /* Info.plist */ = {isa = PBXFileReference; lastKnownFileType = text.plist.xml; path = Info.plist; sourceTree = "<group>"; };
		ABAF2C20228167C3009E1A10 /* main.m */ = {isa = PBXFileReference; lastKnownFileType = sourcecode.c.objc; path = main.m; sourceTree = "<group>"; };
/* End PBXFileReference section */

/* Begin PBXFrameworksBuildPhase section */
		ABAF2C0B228167C3009E1A10 /* Frameworks */ = {
			isa = PBXFrameworksBuildPhase;
			buildActionMask = 2147483647;
			files = (
			);
			runOnlyForDeploymentPostprocessing = 0;
		};
/* End PBXFrameworksBuildPhase section */

/* Begin PBXGroup section */
		AB0EE24E2281771D000B1A26 /* Resource */ = {
			isa = PBXGroup;
			children = (
				AB0EE2502281772F000B1A26 /* vr_image.jpg */,
				AB0EE24F2281772F000B1A26 /* vr_video.mp4 */,
			);
			path = Resource;
			sourceTree = "<group>";
		};
		AB9F578022816A2B00ABDCC4 /* SCN3DPlayer */ = {
			isa = PBXGroup;
			children = (
				AB9F578122816A2B00ABDCC4 /* SCN3DPlayerView.h */,
				AB9F578322816A2B00ABDCC4 /* SCN3DPlayerView.m */,
				AB9F578222816A2B00ABDCC4 /* SCN3DVideoAdatper.h */,
				AB9F578422816A2B00ABDCC4 /* SCN3DVideoAdatper.m */,
			);
			path = SCN3DPlayer;
			sourceTree = "<group>";
		};
		ABAF2C05228167C3009E1A10 = {
			isa = PBXGroup;
			children = (
				ABAF2C10228167C3009E1A10 /* VRPlayer */,
				ABAF2C0F228167C3009E1A10 /* Products */,
			);
			sourceTree = "<group>";
		};
		ABAF2C0F228167C3009E1A10 /* Products */ = {
			isa = PBXGroup;
			children = (
				ABAF2C0E228167C3009E1A10 /* VRPlayer.app */,
			);
			name = Products;
			sourceTree = "<group>";
		};
		ABAF2C10228167C3009E1A10 /* VRPlayer */ = {
			isa = PBXGroup;
			children = (
				AB0EE24E2281771D000B1A26 /* Resource */,
				AB9F578022816A2B00ABDCC4 /* SCN3DPlayer */,
				ABAF2C11228167C3009E1A10 /* AppDelegate.h */,
				ABAF2C12228167C3009E1A10 /* AppDelegate.m */,
				ABAF2C14228167C3009E1A10 /* ViewController.h */,
				ABAF2C15228167C3009E1A10 /* ViewController.m */,
				ABAF2C17228167C3009E1A10 /* Main.storyboard */,
				ABAF2C1A228167C3009E1A10 /* Assets.xcassets */,
				ABAF2C1C228167C3009E1A10 /* LaunchScreen.storyboard */,
				ABAF2C1F228167C3009E1A10 /* Info.plist */,
				ABAF2C20228167C3009E1A10 /* main.m */,
			);
			path = VRPlayer;
			sourceTree = "<group>";
		};
/* End PBXGroup section */

/* Begin PBXNativeTarget section */
		ABAF2C0D228167C3009E1A10 /* VRPlayer */ = {
			isa = PBXNativeTarget;
			buildConfigurationList = ABAF2C24228167C3009E1A10 /* Build configuration list for PBXNativeTarget "VRPlayer" */;
			buildPhases = (
				ABAF2C0A228167C3009E1A10 /* Sources */,
				ABAF2C0B228167C3009E1A10 /* Frameworks */,
				ABAF2C0C228167C3009E1A10 /* Resources */,
			);
			buildRules = (
			);
			dependencies = (
			);
			name = VRPlayer;
			productName = VRPlayer;
			productReference = ABAF2C0E228167C3009E1A10 /* VRPlayer.app */;
			productType = "com.apple.product-type.application";
		};
/* End PBXNativeTarget section */

/* Begin PBXProject section */
		ABAF2C06228167C3009E1A10 /* Project object */ = {
			isa = PBXProject;
			attributes = {
				LastUpgradeCheck = 1020;
				ORGANIZATIONNAME = SevenNine;
				TargetAttributes = {
					ABAF2C0D228167C3009E1A10 = {
						CreatedOnToolsVersion = 10.2.1;
					};
				};
			};
			buildConfigurationList = ABAF2C09228167C3009E1A10 /* Build configuration list for PBXProject "VRPlayer" */;
			compatibilityVersion = "Xcode 9.3";
			developmentRegion = en;
			hasScannedForEncodings = 0;
			knownRegions = (
				en,
				Base,
			);
			mainGroup = ABAF2C05228167C3009E1A10;
			productRefGroup = ABAF2C0F228167C3009E1A10 /* Products */;
			projectDirPath = "";
			projectRoot = "";
			targets = (
				ABAF2C0D228167C3009E1A10 /* VRPlayer */,
			);
		};
/* End PBXProject section */

/* Begin PBXResourcesBuildPhase section */
		ABAF2C0C228167C3009E1A10 /* Resources */ = {
			isa = PBXResourcesBuildPhase;
			buildActionMask = 2147483647;
			files = (
				AB0EE2512281772F000B1A26 /* vr_video.mp4 in Resources */,
				ABAF2C1E228167C3009E1A10 /* LaunchScreen.storyboard in Resources */,
				AB0EE2522281772F000B1A26 /* vr_image.jpg in Resources */,
				ABAF2C1B228167C3009E1A10 /* Assets.xcassets in Resources */,
				ABAF2C19228167C3009E1A10 /* Main.storyboard in Resources */,
			);
			runOnlyForDeploymentPostprocessing = 0;
		};
/* End PBXResourcesBuildPhase section */

/* Begin PBXSourcesBuildPhase section */
		ABAF2C0A228167C3009E1A10 /* Sources */ = {
			isa = PBXSourcesBuildPhase;
			buildActionMask = 2147483647;
			files = (
				ABAF2C16228167C3009E1A10 /* ViewController.m in Sources */,
				ABAF2C21228167C3009E1A10 /* main.m in Sources */,
				AB9F578622816A2B00ABDCC4 /* SCN3DVideoAdatper.m in Sources */,
				ABAF2C13228167C3009E1A10 /* AppDelegate.m in Sources */,
				AB9F578522816A2B00ABDCC4 /* SCN3DPlayerView.m in Sources */,
			);
			runOnlyForDeploymentPostprocessing = 0;
		};
/* End PBXSourcesBuildPhase section */

/* Begin PBXVariantGroup section */
		ABAF2C17228167C3009E1A10 /* Main.storyboard */ = {
			isa = PBXVariantGroup;
			children = (
				ABAF2C18228167C3009E1A10 /* Base */,
			);
			name = Main.storyboard;
			sourceTree = "<group>";
		};
		ABAF2C1C228167C3009E1A10 /* LaunchScreen.storyboard */ = {
			isa = PBXVariantGroup;
			children = (
				ABAF2C1D228167C3009E1A10 /* Base */,
			);
			name = LaunchScreen.storyboard;
			sourceTree = "<group>";
		};
/* End PBXVariantGroup section */

/* Begin XCBuildConfiguration section */
		ABAF2C22228167C3009E1A10 /* Debug */ = {
			isa = XCBuildConfiguration;
			buildSettings = {
				ALWAYS_SEARCH_USER_PATHS = NO;
				CLANG_ANALYZER_NONNULL = YES;
				CLANG_ANALYZER_NUMBER_OBJECT_CONVERSION = YES_AGGRESSIVE;
				CLANG_CXX_LANGUAGE_STANDARD = "gnu++14";
				CLANG_CXX_LIBRARY = "libc++";
				CLANG_ENABLE_MODULES = YES;
				CLANG_ENABLE_OBJC_ARC = YES;
				CLANG_ENABLE_OBJC_WEAK = YES;
				CLANG_WARN_BLOCK_CAPTURE_AUTORELEASING = YES;
				CLANG_WARN_BOOL_CONVERSION = YES;
				CLANG_WARN_COMMA = YES;
				CLANG_WARN_CONSTANT_CONVERSION = YES;
				CLANG_WARN_DEPRECATED_OBJC_IMPLEMENTATIONS = YES;
				CLANG_WARN_DIRECT_OBJC_ISA_USAGE = YES_ERROR;
				CLANG_WARN_DOCUMENTATION_COMMENTS = YES;
				CLANG_WARN_EMPTY_BODY = YES;
				CLANG_WARN_ENUM_CONVERSION = YES;
				CLANG_WARN_INFINITE_RECURSION = YES;
				CLANG_WARN_INT_CONVERSION = YES;
				CLANG_WARN_NON_LITERAL_NULL_CONVERSION = YES;
				CLANG_WARN_OBJC_IMPLICIT_RETAIN_SELF = YES;
				CLANG_WARN_OBJC_LITERAL_CONVERSION = YES;
				CLANG_WARN_OBJC_ROOT_CLASS = YES_ERROR;
				CLANG_WARN_RANGE_LOOP_ANALYSIS = YES;
				CLANG_WARN_STRICT_PROTOTYPES = YES;
				CLANG_WARN_SUSPICIOUS_MOVE = YES;
				CLANG_WARN_UNGUARDED_AVAILABILITY = YES_AGGRESSIVE;
				CLANG_WARN_UNREACHABLE_CODE = YES;
				CLANG_WARN__DUPLICATE_METHOD_MATCH = YES;
				CODE_SIGN_IDENTITY = "iPhone Developer";
				COPY_PHASE_STRIP = NO;
				DEBUG_INFORMATION_FORMAT = dwarf;
				ENABLE_STRICT_OBJC_MSGSEND = YES;
				ENABLE_TESTABILITY = YES;
				GCC_C_LANGUAGE_STANDARD = gnu11;
				GCC_DYNAMIC_NO_PIC = NO;
				GCC_NO_COMMON_BLOCKS = YES;
				GCC_OPTIMIZATION_LEVEL = 0;
				GCC_PREPROCESSOR_DEFINITIONS = (
					"DEBUG=1",
					"$(inherited)",
				);
				GCC_WARN_64_TO_32_BIT_CONVERSION = YES;
				GCC_WARN_ABOUT_RETURN_TYPE = YES_ERROR;
				GCC_WARN_UNDECLARED_SELECTOR = YES;
				GCC_WARN_UNINITIALIZED_AUTOS = YES_AGGRESSIVE;
				GCC_WARN_UNUSED_FUNCTION = YES;
				GCC_WARN_UNUSED_VARIABLE = YES;
				IPHONEOS_DEPLOYMENT_TARGET = 12.2;
				MTL_ENABLE_DEBUG_INFO = INCLUDE_SOURCE;
				MTL_FAST_MATH = YES;
				ONLY_ACTIVE_ARCH = YES;
				SDKROOT = iphoneos;
			};
			name = Debug;
		};
		ABAF2C23228167C3009E1A10 /* Release */ = {
			isa = XCBuildConfiguration;
			buildSettings = {
				ALWAYS_SEARCH_USER_PATHS = NO;
				CLANG_ANALYZER_NONNULL = YES;
				CLANG_ANALYZER_NUMBER_OBJECT_CONVERSION = YES_AGGRESSIVE;
				CLANG_CXX_LANGUAGE_STANDARD = "gnu++14";
				CLANG_CXX_LIBRARY = "libc++";
				CLANG_ENABLE_MODULES = YES;
				CLANG_ENABLE_OBJC_ARC = YES;
				CLANG_ENABLE_OBJC_WEAK = YES;
				CLANG_WARN_BLOCK_CAPTURE_AUTORELEASING = YES;
				CLANG_WARN_BOOL_CONVERSION = YES;
				CLANG_WARN_COMMA = YES;
				CLANG_WARN_CONSTANT_CONVERSION = YES;
				CLANG_WARN_DEPRECATED_OBJC_IMPLEMENTATIONS = YES;
				CLANG_WARN_DIRECT_OBJC_ISA_USAGE = YES_ERROR;
				CLANG_WARN_DOCUMENTATION_COMMENTS = YES;
				CLANG_WARN_EMPTY_BODY = YES;
				CLANG_WARN_ENUM_CONVERSION = YES;
				CLANG_WARN_INFINITE_RECURSION = YES;
				CLANG_WARN_INT_CONVERSION = YES;
				CLANG_WARN_NON_LITERAL_NULL_CONVERSION = YES;
				CLANG_WARN_OBJC_IMPLICIT_RETAIN_SELF = YES;
				CLANG_WARN_OBJC_LITERAL_CONVERSION = YES;
				CLANG_WARN_OBJC_ROOT_CLASS = YES_ERROR;
				CLANG_WARN_RANGE_LOOP_ANALYSIS = YES;
				CLANG_WARN_STRICT_PROTOTYPES = YES;
				CLANG_WARN_SUSPICIOUS_MOVE = YES;
				CLANG_WARN_UNGUARDED_AVAILABILITY = YES_AGGRESSIVE;
				CLANG_WARN_UNREACHABLE_CODE = YES;
				CLANG_WARN__DUPLICATE_METHOD_MATCH = YES;
				CODE_SIGN_IDENTITY = "iPhone Developer";
				COPY_PHASE_STRIP = NO;
				DEBUG_INFORMATION_FORMAT = "dwarf-with-dsym";
				ENABLE_NS_ASSERTIONS = NO;
				ENABLE_STRICT_OBJC_MSGSEND = YES;
				GCC_C_LANGUAGE_STANDARD = gnu11;
				GCC_NO_COMMON_BLOCKS = YES;
				GCC_WARN_64_TO_32_BIT_CONVERSION = YES;
				GCC_WARN_ABOUT_RETURN_TYPE = YES_ERROR;
				GCC_WARN_UNDECLARED_SELECTOR = YES;
				GCC_WARN_UNINITIALIZED_AUTOS = YES_AGGRESSIVE;
				GCC_WARN_UNUSED_FUNCTION = YES;
				GCC_WARN_UNUSED_VARIABLE = YES;
				IPHONEOS_DEPLOYMENT_TARGET = 12.2;
				MTL_ENABLE_DEBUG_INFO = NO;
				MTL_FAST_MATH = YES;
				SDKROOT = iphoneos;
				VALIDATE_PRODUCT = YES;
			};
			name = Release;
		};
		ABAF2C25228167C3009E1A10 /* Debug */ = {
			isa = XCBuildConfiguration;
			buildSettings = {
				ASSETCATALOG_COMPILER_APPICON_NAME = AppIcon;
				CODE_SIGN_STYLE = Automatic;
				DEVELOPMENT_TEAM = V2TE44U4HF;
				INFOPLIST_FILE = VRPlayer/Info.plist;
				IPHONEOS_DEPLOYMENT_TARGET = 9.0;
				LD_RUNPATH_SEARCH_PATHS = (
					"$(inherited)",
					"@executable_path/Frameworks",
				);
				PRODUCT_BUNDLE_IDENTIFIER = com.79smart.VRPlayer;
				PRODUCT_NAME = "$(TARGET_NAME)";
				TARGETED_DEVICE_FAMILY = 1;
			};
			name = Debug;
		};
		ABAF2C26228167C3009E1A10 /* Release */ = {
			isa = XCBuildConfiguration;
			buildSettings = {
				ASSETCATALOG_COMPILER_APPICON_NAME = AppIcon;
				CODE_SIGN_STYLE = Automatic;
				DEVELOPMENT_TEAM = V2TE44U4HF;
				INFOPLIST_FILE = VRPlayer/Info.plist;
				IPHONEOS_DEPLOYMENT_TARGET = 9.0;
				LD_RUNPATH_SEARCH_PATHS = (
					"$(inherited)",
					"@executable_path/Frameworks",
				);
				PRODUCT_BUNDLE_IDENTIFIER = com.79smart.VRPlayer;
				PRODUCT_NAME = "$(TARGET_NAME)";
				TARGETED_DEVICE_FAMILY = 1;
			};
			name = Release;
		};
/* End XCBuildConfiguration section */

/* Begin XCConfigurationList section */
		ABAF2C09228167C3009E1A10 /* Build configuration list for PBXProject "VRPlayer" */ = {
			isa = XCConfigurationList;
			buildConfigurations = (
				ABAF2C22228167C3009E1A10 /* Debug */,
				ABAF2C23228167C3009E1A10 /* Release */,
			);
			defaultConfigurationIsVisible = 0;
			defaultConfigurationName = Release;
		};
		ABAF2C24228167C3009E1A10 /* Build configuration list for PBXNativeTarget "VRPlayer" */ = {
			isa = XCConfigurationList;
			buildConfigurations = (
				ABAF2C25228167C3009E1A10 /* Debug */,
				ABAF2C26228167C3009E1A10 /* Release */,
			);
			defaultConfigurationIsVisible = 0;
			defaultConfigurationName = Release;
		};
/* End XCConfigurationList section */
	};
	rootObject = ABAF2C06228167C3009E1A10 /* Project object */;
}
